// !$*UTF8*$!
{
	archiveVersion = 1;
	classes = {
	};
	objectVersion = 55;
	objects = {

/* Begin PBXBuildFile section */
		863EF18829CEE4450013C709 /* AppDelegate.swift in Sources */ = {isa = PBXBuildFile; fileRef = 863EF18729CEE4450013C709 /* AppDelegate.swift */; };
		863EF18A29CEE4450013C709 /* SceneDelegate.swift in Sources */ = {isa = PBXBuildFile; fileRef = 863EF18929CEE4450013C709 /* SceneDelegate.swift */; };
		863EF18F29CEE4450013C709 /* Main.storyboard in Resources */ = {isa = PBXBuildFile; fileRef = 863EF18D29CEE4450013C709 /* Main.storyboard */; };
		863EF19129CEE4460013C709 /* Assets.xcassets in Resources */ = {isa = PBXBuildFile; fileRef = 863EF19029CEE4460013C709 /* Assets.xcassets */; };
		863EF19429CEE4460013C709 /* LaunchScreen.storyboard in Resources */ = {isa = PBXBuildFile; fileRef = 863EF19229CEE4460013C709 /* LaunchScreen.storyboard */; };
		863EF19C29CEE5FC0013C709 /* AlertViewController.swift in Sources */ = {isa = PBXBuildFile; fileRef = 863EF19B29CEE5FC0013C709 /* AlertViewController.swift */; };
		863EF19E29CEE6080013C709 /* AnswersViewController.swift in Sources */ = {isa = PBXBuildFile; fileRef = 863EF19D29CEE6080013C709 /* AnswersViewController.swift */; };
		863EF1A029CEE6190013C709 /* CommentsViewController.swift in Sources */ = {isa = PBXBuildFile; fileRef = 863EF19F29CEE6190013C709 /* CommentsViewController.swift */; };
		863EF1A229CEE66B0013C709 /* TabBarController.swift in Sources */ = {isa = PBXBuildFile; fileRef = 863EF1A129CEE66B0013C709 /* TabBarController.swift */; };
		863EF1A429CEE68E0013C709 /* QuestionsViewController.swift in Sources */ = {isa = PBXBuildFile; fileRef = 863EF1A329CEE68E0013C709 /* QuestionsViewController.swift */; };
/* End PBXBuildFile section */

/* Begin PBXFileReference section */
		863EF18429CEE4450013C709 /* TabBarHomework13.app */ = {isa = PBXFileReference; explicitFileType = wrapper.application; includeInIndex = 0; path = TabBarHomework13.app; sourceTree = BUILT_PRODUCTS_DIR; };
		863EF18729CEE4450013C709 /* AppDelegate.swift */ = {isa = PBXFileReference; lastKnownFileType = sourcecode.swift; path = AppDelegate.swift; sourceTree = "<group>"; };
		863EF18929CEE4450013C709 /* SceneDelegate.swift */ = {isa = PBXFileReference; lastKnownFileType = sourcecode.swift; path = SceneDelegate.swift; sourceTree = "<group>"; };
		863EF18E29CEE4450013C709 /* Base */ = {isa = PBXFileReference; lastKnownFileType = file.storyboard; name = Base; path = Base.lproj/Main.storyboard; sourceTree = "<group>"; };
		863EF19029CEE4460013C709 /* Assets.xcassets */ = {isa = PBXFileReference; lastKnownFileType = folder.assetcatalog; path = Assets.xcassets; sourceTree = "<group>"; };
		863EF19329CEE4460013C709 /* Base */ = {isa = PBXFileReference; lastKnownFileType = file.storyboard; name = Base; path = Base.lproj/LaunchScreen.storyboard; sourceTree = "<group>"; };
		863EF19529CEE4460013C709 /* Info.plist */ = {isa = PBXFileReference; lastKnownFileType = text.plist.xml; path = Info.plist; sourceTree = "<group>"; };
		863EF19B29CEE5FC0013C709 /* AlertViewController.swift */ = {isa = PBXFileReference; lastKnownFileType = sourcecode.swift; path = AlertViewController.swift; sourceTree = "<group>"; };
		863EF19D29CEE6080013C709 /* AnswersViewController.swift */ = {isa = PBXFileReference; lastKnownFileType = sourcecode.swift; path = AnswersViewController.swift; sourceTree = "<group>"; };
		863EF19F29CEE6190013C709 /* CommentsViewController.swift */ = {isa = PBXFileReference; lastKnownFileType = sourcecode.swift; path = CommentsViewController.swift; sourceTree = "<group>"; };
		863EF1A129CEE66B0013C709 /* TabBarController.swift */ = {isa = PBXFileReference; lastKnownFileType = sourcecode.swift; path = TabBarController.swift; sourceTree = "<group>"; };
		863EF1A329CEE68E0013C709 /* QuestionsViewController.swift */ = {isa = PBXFileReference; lastKnownFileType = sourcecode.swift; path = QuestionsViewController.swift; sourceTree = "<group>"; };
/* End PBXFileReference section */

/* Begin PBXFrameworksBuildPhase section */
		863EF18129CEE4450013C709 /* Frameworks */ = {
			isa = PBXFrameworksBuildPhase;
			buildActionMask = 2147483647;
			files = (
			);
			runOnlyForDeploymentPostprocessing = 0;
		};
/* End PBXFrameworksBuildPhase section */

/* Begin PBXGroup section */
		863EF17B29CEE4440013C709 = {
			isa = PBXGroup;
			children = (
				863EF18629CEE4450013C709 /* TabBarHomework13 */,
				863EF18529CEE4450013C709 /* Products */,
			);
			sourceTree = "<group>";
		};
		863EF18529CEE4450013C709 /* Products */ = {
			isa = PBXGroup;
			children = (
				863EF18429CEE4450013C709 /* TabBarHomework13.app */,
			);
			name = Products;
			sourceTree = "<group>";
		};
		863EF18629CEE4450013C709 /* TabBarHomework13 */ = {
			isa = PBXGroup;
			children = (
				863EF18729CEE4450013C709 /* AppDelegate.swift */,
				863EF18929CEE4450013C709 /* SceneDelegate.swift */,
				863EF1A329CEE68E0013C709 /* QuestionsViewController.swift */,
				863EF1A129CEE66B0013C709 /* TabBarController.swift */,
				863EF19B29CEE5FC0013C709 /* AlertViewController.swift */,
				863EF19D29CEE6080013C709 /* AnswersViewController.swift */,
				863EF19F29CEE6190013C709 /* CommentsViewController.swift */,
				863EF18D29CEE4450013C709 /* Main.storyboard */,
				863EF19029CEE4460013C709 /* Assets.xcassets */,
				863EF19229CEE4460013C709 /* LaunchScreen.storyboard */,
				863EF19529CEE4460013C709 /* Info.plist */,
			);
			path = TabBarHomework13;
			sourceTree = "<group>";
		};
/* End PBXGroup section */

/* Begin PBXNativeTarget section */
		863EF18329CEE4450013C709 /* TabBarHomework13 */ = {
			isa = PBXNativeTarget;
			buildConfigurationList = 863EF19829CEE4460013C709 /* Build configuration list for PBXNativeTarget "TabBarHomework13" */;
			buildPhases = (
				863EF18029CEE4450013C709 /* Sources */,
				863EF18129CEE4450013C709 /* Frameworks */,
				863EF18229CEE4450013C709 /* Resources */,
			);
			buildRules = (
			);
			dependencies = (
			);
			name = TabBarHomework13;
			productName = TabBarHomework13;
			productReference = 863EF18429CEE4450013C709 /* TabBarHomework13.app */;
			productType = "com.apple.product-type.application";
		};
/* End PBXNativeTarget section */

/* Begin PBXProject section */
		863EF17C29CEE4440013C709 /* Project object */ = {
			isa = PBXProject;
			attributes = {
				BuildIndependentTargetsInParallel = 1;
				LastSwiftUpdateCheck = 1340;
				LastUpgradeCheck = 1340;
				TargetAttributes = {
					863EF18329CEE4450013C709 = {
						CreatedOnToolsVersion = 13.4.1;
					};
				};
			};
			buildConfigurationList = 863EF17F29CEE4440013C709 /* Build configuration list for PBXProject "TabBarHomework13" */;
			compatibilityVersion = "Xcode 13.0";
			developmentRegion = en;
			hasScannedForEncodings = 0;
			knownRegions = (
				en,
				Base,
			);
			mainGroup = 863EF17B29CEE4440013C709;
			productRefGroup = 863EF18529CEE4450013C709 /* Products */;
			projectDirPath = "";
			projectRoot = "";
			targets = (
				863EF18329CEE4450013C709 /* TabBarHomework13 */,
			);
		};
/* End PBXProject section */

/* Begin PBXResourcesBuildPhase section */
		863EF18229CEE4450013C709 /* Resources */ = {
			isa = PBXResourcesBuildPhase;
			buildActionMask = 2147483647;
			files = (
				863EF19429CEE4460013C709 /* LaunchScreen.storyboard in Resources */,
				863EF19129CEE4460013C709 /* Assets.xcassets in Resources */,
				863EF18F29CEE4450013C709 /* Main.storyboard in Resources */,
			);
			runOnlyForDeploymentPostprocessing = 0;
		};
/* End PBXResourcesBuildPhase section */

/* Begin PBXSourcesBuildPhase section */
		863EF18029CEE4450013C709 /* Sources */ = {
			isa = PBXSourcesBuildPhase;
			buildActionMask = 2147483647;
			files = (
				863EF18829CEE4450013C709 /* AppDelegate.swift in Sources */,
				863EF1A429CEE68E0013C709 /* QuestionsViewController.swift in Sources */,
				863EF1A029CEE6190013C709 /* CommentsViewController.swift in Sources */,
				863EF18A29CEE4450013C709 /* SceneDelegate.swift in Sources */,
				863EF1A229CEE66B0013C709 /* TabBarController.swift in Sources */,
				863EF19C29CEE5FC0013C709 /* AlertViewController.swift in Sources */,
				863EF19E29CEE6080013C709 /* AnswersViewController.swift in Sources */,
			);
			runOnlyForDeploymentPostprocessing = 0;
		};
/* End PBXSourcesBuildPhase section */

/* Begin PBXVariantGroup section */
		863EF18D29CEE4450013C709 /* Main.storyboard */ = {
			isa = PBXVariantGroup;
			children = (
				863EF18E29CEE4450013C709 /* Base */,
			);
			name = Main.storyboard;
			sourceTree = "<group>";
		};
		863EF19229CEE4460013C709 /* LaunchScreen.storyboard */ = {
			isa = PBXVariantGroup;
			children = (
				863EF19329CEE4460013C709 /* Base */,
			);
			name = LaunchScreen.storyboard;
			sourceTree = "<group>";
		};
/* End PBXVariantGroup section */

/* Begin XCBuildConfiguration section */
		863EF19629CEE4460013C709 /* Debug */ = {
			isa = XCBuildConfiguration;
			buildSettings = {
				ALWAYS_SEARCH_USER_PATHS = NO;
				CLANG_ANALYZER_NONNULL = YES;
				CLANG_ANALYZER_NUMBER_OBJECT_CONVERSION = YES_AGGRESSIVE;
				CLANG_CXX_LANGUAGE_STANDARD = "gnu++17";
				CLANG_ENABLE_MODULES = YES;
				CLANG_ENABLE_OBJC_ARC = YES;
				CLANG_ENABLE_OBJC_WEAK = YES;
				CLANG_WARN_BLOCK_CAPTURE_AUTORELEASING = YES;
				CLANG_WARN_BOOL_CONVERSION = YES;
				CLANG_WARN_COMMA = YES;
				CLANG_WARN_CONSTANT_CONVERSION = YES;
				CLANG_WARN_DEPRECATED_OBJC_IMPLEMENTATIONS = YES;
				CLANG_WARN_DIRECT_OBJC_ISA_USAGE = YES_ERROR;
				CLANG_WARN_DOCUMENTATION_COMMENTS = YES;
				CLANG_WARN_EMPTY_BODY = YES;
				CLANG_WARN_ENUM_CONVERSION = YES;
				CLANG_WARN_INFINITE_RECURSION = YES;
				CLANG_WARN_INT_CONVERSION = YES;
				CLANG_WARN_NON_LITERAL_NULL_CONVERSION = YES;
				CLANG_WARN_OBJC_IMPLICIT_RETAIN_SELF = YES;
				CLANG_WARN_OBJC_LITERAL_CONVERSION = YES;
				CLANG_WARN_OBJC_ROOT_CLASS = YES_ERROR;
				CLANG_WARN_QUOTED_INCLUDE_IN_FRAMEWORK_HEADER = YES;
				CLANG_WARN_RANGE_LOOP_ANALYSIS = YES;
				CLANG_WARN_STRICT_PROTOTYPES = YES;
				CLANG_WARN_SUSPICIOUS_MOVE = YES;
				CLANG_WARN_UNGUARDED_AVAILABILITY = YES_AGGRESSIVE;
				CLANG_WARN_UNREACHABLE_CODE = YES;
				CLANG_WARN__DUPLICATE_METHOD_MATCH = YES;
				COPY_PHASE_STRIP = NO;
				DEBUG_INFORMATION_FORMAT = dwarf;
				ENABLE_STRICT_OBJC_MSGSEND = YES;
				ENABLE_TESTABILITY = YES;
				GCC_C_LANGUAGE_STANDARD = gnu11;
				GCC_DYNAMIC_NO_PIC = NO;
				GCC_NO_COMMON_BLOCKS = YES;
				GCC_OPTIMIZATION_LEVEL = 0;
				GCC_PREPROCESSOR_DEFINITIONS = (
					"DEBUG=1",
					"$(inherited)",
				);
				GCC_WARN_64_TO_32_BIT_CONVERSION = YES;
				GCC_WARN_ABOUT_RETURN_TYPE = YES_ERROR;
				GCC_WARN_UNDECLARED_SELECTOR = YES;
				GCC_WARN_UNINITIALIZED_AUTOS = YES_AGGRESSIVE;
				GCC_WARN_UNUSED_FUNCTION = YES;
				GCC_WARN_UNUSED_VARIABLE = YES;
				IPHONEOS_DEPLOYMENT_TARGET = 15.5;
				MTL_ENABLE_DEBUG_INFO = INCLUDE_SOURCE;
				MTL_FAST_MATH = YES;
				ONLY_ACTIVE_ARCH = YES;
				SDKROOT = iphoneos;
				SWIFT_ACTIVE_COMPILATION_CONDITIONS = DEBUG;
				SWIFT_OPTIMIZATION_LEVEL = "-Onone";
			};
			name = Debug;
		};
		863EF19729CEE4460013C709 /* Release */ = {
			isa = XCBuildConfiguration;
			buildSettings = {
				ALWAYS_SEARCH_USER_PATHS = NO;
				CLANG_ANALYZER_NONNULL = YES;
				CLANG_ANALYZER_NUMBER_OBJECT_CONVERSION = YES_AGGRESSIVE;
				CLANG_CXX_LANGUAGE_STANDARD = "gnu++17";
				CLANG_ENABLE_MODULES = YES;
				CLANG_ENABLE_OBJC_ARC = YES;
				CLANG_ENABLE_OBJC_WEAK = YES;
				CLANG_WARN_BLOCK_CAPTURE_AUTORELEASING = YES;
				CLANG_WARN_BOOL_CONVERSION = YES;
				CLANG_WARN_COMMA = YES;
				CLANG_WARN_CONSTANT_CONVERSION = YES;
				CLANG_WARN_DEPRECATED_OBJC_IMPLEMENTATIONS = YES;
				CLANG_WARN_DIRECT_OBJC_ISA_USAGE = YES_ERROR;
				CLANG_WARN_DOCUMENTATION_COMMENTS = YES;
				CLANG_WARN_EMPTY_BODY = YES;
				CLANG_WARN_ENUM_CONVERSION = YES;
				CLANG_WARN_INFINITE_RECURSION = YES;
				CLANG_WARN_INT_CONVERSION = YES;
				CLANG_WARN_NON_LITERAL_NULL_CONVERSION = YES;
				CLANG_WARN_OBJC_IMPLICIT_RETAIN_SELF = YES;
				CLANG_WARN_OBJC_LITERAL_CONVERSION = YES;
				CLANG_WARN_OBJC_ROOT_CLASS = YES_ERROR;
				CLANG_WARN_QUOTED_INCLUDE_IN_FRAMEWORK_HEADER = YES;
				CLANG_WARN_RANGE_LOOP_ANALYSIS = YES;
				CLANG_WARN_STRICT_PROTOTYPES = YES;
				CLANG_WARN_SUSPICIOUS_MOVE = YES;
				CLANG_WARN_UNGUARDED_AVAILABILITY = YES_AGGRESSIVE;
				CLANG_WARN_UNREACHABLE_CODE = YES;
				CLANG_WARN__DUPLICATE_METHOD_MATCH = YES;
				COPY_PHASE_STRIP = NO;
				DEBUG_INFORMATION_FORMAT = "dwarf-with-dsym";
				ENABLE_NS_ASSERTIONS = NO;
				ENABLE_STRICT_OBJC_MSGSEND = YES;
				GCC_C_LANGUAGE_STANDARD = gnu11;
				GCC_NO_COMMON_BLOCKS = YES;
				GCC_WARN_64_TO_32_BIT_CONVERSION = YES;
				GCC_WARN_ABOUT_RETURN_TYPE = YES_ERROR;
				GCC_WARN_UNDECLARED_SELECTOR = YES;
				GCC_WARN_UNINITIALIZED_AUTOS = YES_AGGRESSIVE;
				GCC_WARN_UNUSED_FUNCTION = YES;
				GCC_WARN_UNUSED_VARIABLE = YES;
				IPHONEOS_DEPLOYMENT_TARGET = 15.5;
				MTL_ENABLE_DEBUG_INFO = NO;
				MTL_FAST_MATH = YES;
				SDKROOT = iphoneos;
				SWIFT_COMPILATION_MODE = wholemodule;
				SWIFT_OPTIMIZATION_LEVEL = "-O";
				VALIDATE_PRODUCT = YES;
			};
			name = Release;
		};
		863EF19929CEE4460013C709 /* Debug */ = {
			isa = XCBuildConfiguration;
			buildSettings = {
				ASSETCATALOG_COMPILER_APPICON_NAME = AppIcon;
				ASSETCATALOG_COMPILER_GLOBAL_ACCENT_COLOR_NAME = AccentColor;
				CODE_SIGN_STYLE = Automatic;
				CURRENT_PROJECT_VERSION = 1;
				DEVELOPMENT_TEAM = SY9V9TUY7Z;
				GENERATE_INFOPLIST_FILE = YES;
				INFOPLIST_FILE = TabBarHomework13/Info.plist;
				INFOPLIST_KEY_UIApplicationSupportsIndirectInputEvents = YES;
				INFOPLIST_KEY_UILaunchStoryboardName = LaunchScreen;
				INFOPLIST_KEY_UIMainStoryboardFile = Main;
				INFOPLIST_KEY_UISupportedInterfaceOrientations_iPad = "UIInterfaceOrientationPortrait UIInterfaceOrientationPortraitUpsideDown UIInterfaceOrientationLandscapeLeft UIInterfaceOrientationLandscapeRight";
				INFOPLIST_KEY_UISupportedInterfaceOrientations_iPhone = "UIInterfaceOrientationPortrait UIInterfaceOrientationLandscapeLeft UIInterfaceOrientationLandscapeRight";
				LD_RUNPATH_SEARCH_PATHS = (
					"$(inherited)",
					"@executable_path/Frameworks",
				);
				MARKETING_VERSION = 1.0;
				PRODUCT_BUNDLE_IDENTIFIER = VladislavGlukhikh.TabBarHomework13;
				PRODUCT_NAME = "$(TARGET_NAME)";
				SWIFT_EMIT_LOC_STRINGS = YES;
				SWIFT_VERSION = 5.0;
				TARGETED_DEVICE_FAMILY = "1,2";
			};
			name = Debug;
		};
		863EF19A29CEE4460013C709 /* Release */ = {
			isa = XCBuildConfiguration;
			buildSettings = {
				ASSETCATALOG_COMPILER_APPICON_NAME = AppIcon;
				ASSETCATALOG_COMPILER_GLOBAL_ACCENT_COLOR_NAME = AccentColor;
				CODE_SIGN_STYLE = Automatic;
				CURRENT_PROJECT_VERSION = 1;
				DEVELOPMENT_TEAM = SY9V9TUY7Z;
				GENERATE_INFOPLIST_FILE = YES;
				INFOPLIST_FILE = TabBarHomework13/Info.plist;
				INFOPLIST_KEY_UIApplicationSupportsIndirectInputEvents = YES;
				INFOPLIST_KEY_UILaunchStoryboardName = LaunchScreen;
				INFOPLIST_KEY_UIMainStoryboardFile = Main;
				INFOPLIST_KEY_UISupportedInterfaceOrientations_iPad = "UIInterfaceOrientationPortrait UIInterfaceOrientationPortraitUpsideDown UIInterfaceOrientationLandscapeLeft UIInterfaceOrientationLandscapeRight";
				INFOPLIST_KEY_UISupportedInterfaceOrientations_iPhone = "UIInterfaceOrientationPortrait UIInterfaceOrientationLandscapeLeft UIInterfaceOrientationLandscapeRight";
				LD_RUNPATH_SEARCH_PATHS = (
					"$(inherited)",
					"@executable_path/Frameworks",
				);
				MARKETING_VERSION = 1.0;
				PRODUCT_BUNDLE_IDENTIFIER = VladislavGlukhikh.TabBarHomework13;
				PRODUCT_NAME = "$(TARGET_NAME)";
				SWIFT_EMIT_LOC_STRINGS = YES;
				SWIFT_VERSION = 5.0;
				TARGETED_DEVICE_FAMILY = "1,2";
			};
			name = Release;
		};
/* End XCBuildConfiguration section */

/* Begin XCConfigurationList section */
		863EF17F29CEE4440013C709 /* Build configuration list for PBXProject "TabBarHomework13" */ = {
			isa = XCConfigurationList;
			buildConfigurations = (
				863EF19629CEE4460013C709 /* Debug */,
				863EF19729CEE4460013C709 /* Release */,
			);
			defaultConfigurationIsVisible = 0;
			defaultConfigurationName = Release;
		};
		863EF19829CEE4460013C709 /* Build configuration list for PBXNativeTarget "TabBarHomework13" */ = {
			isa = XCConfigurationList;
			buildConfigurations = (
				863EF19929CEE4460013C709 /* Debug */,
				863EF19A29CEE4460013C709 /* Release */,
			);
			defaultConfigurationIsVisible = 0;
			defaultConfigurationName = Release;
		};
/* End XCConfigurationList section */
	};
	rootObject = 863EF17C29CEE4440013C709 /* Project object */;
}
